
Microsoft Visual Studio Solution File, Format Version 12.00
# Visual Studio Version 17
VisualStudioVersion = 17.8.34511.84
MinimumVisualStudioVersion = 10.0.40219.1
Project("{8BC9CEB8-8B4A-11D0-8D11-00A0C91BC942}") = "шаблон array", "шаблон array.vcxproj", "{720B57C2-62B0-4C71-955A-2A529A9003E9}"
EndProject
Global
	GlobalSection(SolutionConfigurationPlatforms) = preSolution
		Debug|x64 = Debug|x64
		Debug|x86 = Debug|x86
		Release|x64 = Release|x64
		Release|x86 = Release|x86
	EndGlobalSection
	GlobalSection(ProjectConfigurationPlatforms) = postSolution
		{720B57C2-62B0-4C71-955A-2A529A9003E9}.Debug|x64.ActiveCfg = Debug|x64
		{720B57C2-62B0-4C71-955A-2A529A9003E9}.Debug|x64.Build.0 = Debug|x64
		{720B57C2-62B0-4C71-955A-2A529A9003E9}.Debug|x86.ActiveCfg = Debug|Win32
		{720B57C2-62B0-4C71-955A-2A529A9003E9}.Debug|x86.Build.0 = Debug|Win32
		{720B57C2-62B0-4C71-955A-2A529A9003E9}.Release|x64.ActiveCfg = Release|x64
		{720B57C2-62B0-4C71-955A-2A529A9003E9}.Release|x64.Build.0 = Release|x64
		{720B57C2-62B0-4C71-955A-2A529A9003E9}.Release|x86.ActiveCfg = Release|Win32
		{720B57C2-62B0-4C71-955A-2A529A9003E9}.Release|x86.Build.0 = Release|Win32
	EndGlobalSection
	GlobalSection(SolutionProperties) = preSolution
		HideSolutionNode = FALSE
	EndGlobalSection
	GlobalSection(ExtensibilityGlobals) = postSolution
		SolutionGuid = {3F389987-1BC6-4F6F-B7E7-8E29CC8BB6C8}
	EndGlobalSection
EndGlobal
